
Microsoft Visual Studio Solution File, Format Version 12.00
# Visual Studio Version 17
VisualStudioVersion = 17.11.35327.3
MinimumVisualStudioVersion = 10.0.40219.1
Project("{9A19103F-16F7-4668-BE54-9A1E7A4F7556}") = "FakeStardewGame", "FakeStardewGame\FakeStardewGame.csproj", "{C3A5EC7C-10F2-4161-9648-1A26430A9B15}"
EndProject
Project("{9A19103F-16F7-4668-BE54-9A1E7A4F7556}") = "SMAPILoader", "SMAPILoader\SMAPILoader.csproj", "{EA91D5A4-37CF-4B00-BE04-000A6A5ECF52}"
EndProject
Project("{FAE04EC0-301F-11D3-BF4B-00C04F79EFBC}") = "SMAPIGameLoader", "SMAPIGameLoader\SMAPIGameLoader.csproj", "{805B84D7-24B4-43F6-9086-A3773E1CD9BD}"
EndProject
Global
	GlobalSection(SolutionConfigurationPlatforms) = preSolution
		Debug|Any CPU = Debug|Any CPU
		Debug|ARM = Debug|ARM
		Debug|ARM64 = Debug|ARM64
		Debug|x64 = Debug|x64
		Debug|x86 = Debug|x86
		DebugFat|Any CPU = DebugFat|Any CPU
		DebugFat|ARM = DebugFat|ARM
		DebugFat|ARM64 = DebugFat|ARM64
		DebugFat|x64 = DebugFat|x64
		DebugFat|x86 = DebugFat|x86
		DebugThin|Any CPU = DebugThin|Any CPU
		DebugThin|ARM = DebugThin|ARM
		DebugThin|ARM64 = DebugThin|ARM64
		DebugThin|x64 = DebugThin|x64
		DebugThin|x86 = DebugThin|x86
		DebugTrace|Any CPU = DebugTrace|Any CPU
		DebugTrace|ARM = DebugTrace|ARM
		DebugTrace|ARM64 = DebugTrace|ARM64
		DebugTrace|x64 = DebugTrace|x64
		DebugTrace|x86 = DebugTrace|x86
		Release|Any CPU = Release|Any CPU
		Release|ARM = Release|ARM
		Release|ARM64 = Release|ARM64
		Release|x64 = Release|x64
		Release|x86 = Release|x86
		ReleaseFat|Any CPU = ReleaseFat|Any CPU
		ReleaseFat|ARM = ReleaseFat|ARM
		ReleaseFat|ARM64 = ReleaseFat|ARM64
		ReleaseFat|x64 = ReleaseFat|x64
		ReleaseFat|x86 = ReleaseFat|x86
		ReleaseRef|Any CPU = ReleaseRef|Any CPU
		ReleaseRef|ARM = ReleaseRef|ARM
		ReleaseRef|ARM64 = ReleaseRef|ARM64
		ReleaseRef|x64 = ReleaseRef|x64
		ReleaseRef|x86 = ReleaseRef|x86
		ReleaseThin|Any CPU = ReleaseThin|Any CPU
		ReleaseThin|ARM = ReleaseThin|ARM
		ReleaseThin|ARM64 = ReleaseThin|ARM64
		ReleaseThin|x64 = ReleaseThin|x64
		ReleaseThin|x86 = ReleaseThin|x86
		ReleaseTrace|Any CPU = ReleaseTrace|Any CPU
		ReleaseTrace|ARM = ReleaseTrace|ARM
		ReleaseTrace|ARM64 = ReleaseTrace|ARM64
		ReleaseTrace|x64 = ReleaseTrace|x64
		ReleaseTrace|x86 = ReleaseTrace|x86
	EndGlobalSection
	GlobalSection(ProjectConfigurationPlatforms) = postSolution
		{C3A5EC7C-10F2-4161-9648-1A26430A9B15}.Debug|Any CPU.ActiveCfg = Debug|Any CPU
		{C3A5EC7C-10F2-4161-9648-1A26430A9B15}.Debug|Any CPU.Build.0 = Debug|Any CPU
		{C3A5EC7C-10F2-4161-9648-1A26430A9B15}.Debug|Any CPU.Deploy.0 = Debug|Any CPU
		{C3A5EC7C-10F2-4161-9648-1A26430A9B15}.Debug|ARM.ActiveCfg = Debug|Any CPU
		{C3A5EC7C-10F2-4161-9648-1A26430A9B15}.Debug|ARM.Build.0 = Debug|Any CPU
		{C3A5EC7C-10F2-4161-9648-1A26430A9B15}.Debug|ARM.Deploy.0 = Debug|Any CPU
		{C3A5EC7C-10F2-4161-9648-1A26430A9B15}.Debug|ARM64.ActiveCfg = Debug|Any CPU
		{C3A5EC7C-10F2-4161-9648-1A26430A9B15}.Debug|ARM64.Build.0 = Debug|Any CPU
		{C3A5EC7C-10F2-4161-9648-1A26430A9B15}.Debug|ARM64.Deploy.0 = Debug|Any CPU
		{C3A5EC7C-10F2-4161-9648-1A26430A9B15}.Debug|x64.ActiveCfg = Debug|Any CPU
		{C3A5EC7C-10F2-4161-9648-1A26430A9B15}.Debug|x64.Build.0 = Debug|Any CPU
		{C3A5EC7C-10F2-4161-9648-1A26430A9B15}.Debug|x64.Deploy.0 = Debug|Any CPU
		{C3A5EC7C-10F2-4161-9648-1A26430A9B15}.Debug|x86.ActiveCfg = Debug|Any CPU
		{C3A5EC7C-10F2-4161-9648-1A26430A9B15}.Debug|x86.Build.0 = Debug|Any CPU
		{C3A5EC7C-10F2-4161-9648-1A26430A9B15}.Debug|x86.Deploy.0 = Debug|Any CPU
		{C3A5EC7C-10F2-4161-9648-1A26430A9B15}.DebugFat|Any CPU.ActiveCfg = Debug|Any CPU
		{C3A5EC7C-10F2-4161-9648-1A26430A9B15}.DebugFat|Any CPU.Build.0 = Debug|Any CPU
		{C3A5EC7C-10F2-4161-9648-1A26430A9B15}.DebugFat|Any CPU.Deploy.0 = Debug|Any CPU
		{C3A5EC7C-10F2-4161-9648-1A26430A9B15}.DebugFat|ARM.ActiveCfg = Debug|Any CPU
		{C3A5EC7C-10F2-4161-9648-1A26430A9B15}.DebugFat|ARM.Build.0 = Debug|Any CPU
		{C3A5EC7C-10F2-4161-9648-1A26430A9B15}.DebugFat|ARM.Deploy.0 = Debug|Any CPU
		{C3A5EC7C-10F2-4161-9648-1A26430A9B15}.DebugFat|ARM64.ActiveCfg = Debug|Any CPU
		{C3A5EC7C-10F2-4161-9648-1A26430A9B15}.DebugFat|ARM64.Build.0 = Debug|Any CPU
		{C3A5EC7C-10F2-4161-9648-1A26430A9B15}.DebugFat|ARM64.Deploy.0 = Debug|Any CPU
		{C3A5EC7C-10F2-4161-9648-1A26430A9B15}.DebugFat|x64.ActiveCfg = Debug|Any CPU
		{C3A5EC7C-10F2-4161-9648-1A26430A9B15}.DebugFat|x64.Build.0 = Debug|Any CPU
		{C3A5EC7C-10F2-4161-9648-1A26430A9B15}.DebugFat|x64.Deploy.0 = Debug|Any CPU
		{C3A5EC7C-10F2-4161-9648-1A26430A9B15}.DebugFat|x86.ActiveCfg = Debug|Any CPU
		{C3A5EC7C-10F2-4161-9648-1A26430A9B15}.DebugFat|x86.Build.0 = Debug|Any CPU
		{C3A5EC7C-10F2-4161-9648-1A26430A9B15}.DebugFat|x86.Deploy.0 = Debug|Any CPU
		{C3A5EC7C-10F2-4161-9648-1A26430A9B15}.DebugThin|Any CPU.ActiveCfg = Debug|Any CPU
		{C3A5EC7C-10F2-4161-9648-1A26430A9B15}.DebugThin|Any CPU.Build.0 = Debug|Any CPU
		{C3A5EC7C-10F2-4161-9648-1A26430A9B15}.DebugThin|Any CPU.Deploy.0 = Debug|Any CPU
		{C3A5EC7C-10F2-4161-9648-1A26430A9B15}.DebugThin|ARM.ActiveCfg = Debug|Any CPU
		{C3A5EC7C-10F2-4161-9648-1A26430A9B15}.DebugThin|ARM.Build.0 = Debug|Any CPU
		{C3A5EC7C-10F2-4161-9648-1A26430A9B15}.DebugThin|ARM.Deploy.0 = Debug|Any CPU
		{C3A5EC7C-10F2-4161-9648-1A26430A9B15}.DebugThin|ARM64.ActiveCfg = Debug|Any CPU
		{C3A5EC7C-10F2-4161-9648-1A26430A9B15}.DebugThin|ARM64.Build.0 = Debug|Any CPU
		{C3A5EC7C-10F2-4161-9648-1A26430A9B15}.DebugThin|ARM64.Deploy.0 = Debug|Any CPU
		{C3A5EC7C-10F2-4161-9648-1A26430A9B15}.DebugThin|x64.ActiveCfg = Debug|Any CPU
		{C3A5EC7C-10F2-4161-9648-1A26430A9B15}.DebugThin|x64.Build.0 = Debug|Any CPU
		{C3A5EC7C-10F2-4161-9648-1A26430A9B15}.DebugThin|x64.Deploy.0 = Debug|Any CPU
		{C3A5EC7C-10F2-4161-9648-1A26430A9B15}.DebugThin|x86.ActiveCfg = Debug|Any CPU
		{C3A5EC7C-10F2-4161-9648-1A26430A9B15}.DebugThin|x86.Build.0 = Debug|Any CPU
		{C3A5EC7C-10F2-4161-9648-1A26430A9B15}.DebugThin|x86.Deploy.0 = Debug|Any CPU
		{C3A5EC7C-10F2-4161-9648-1A26430A9B15}.DebugTrace|Any CPU.ActiveCfg = Debug|Any CPU
		{C3A5EC7C-10F2-4161-9648-1A26430A9B15}.DebugTrace|Any CPU.Build.0 = Debug|Any CPU
		{C3A5EC7C-10F2-4161-9648-1A26430A9B15}.DebugTrace|Any CPU.Deploy.0 = Debug|Any CPU
		{C3A5EC7C-10F2-4161-9648-1A26430A9B15}.DebugTrace|ARM.ActiveCfg = Debug|Any CPU
		{C3A5EC7C-10F2-4161-9648-1A26430A9B15}.DebugTrace|ARM.Build.0 = Debug|Any CPU
		{C3A5EC7C-10F2-4161-9648-1A26430A9B15}.DebugTrace|ARM.Deploy.0 = Debug|Any CPU
		{C3A5EC7C-10F2-4161-9648-1A26430A9B15}.DebugTrace|ARM64.ActiveCfg = Debug|Any CPU
		{C3A5EC7C-10F2-4161-9648-1A26430A9B15}.DebugTrace|ARM64.Build.0 = Debug|Any CPU
		{C3A5EC7C-10F2-4161-9648-1A26430A9B15}.DebugTrace|ARM64.Deploy.0 = Debug|Any CPU
		{C3A5EC7C-10F2-4161-9648-1A26430A9B15}.DebugTrace|x64.ActiveCfg = Debug|Any CPU
		{C3A5EC7C-10F2-4161-9648-1A26430A9B15}.DebugTrace|x64.Build.0 = Debug|Any CPU
		{C3A5EC7C-10F2-4161-9648-1A26430A9B15}.DebugTrace|x64.Deploy.0 = Debug|Any CPU
		{C3A5EC7C-10F2-4161-9648-1A26430A9B15}.DebugTrace|x86.ActiveCfg = Debug|Any CPU
		{C3A5EC7C-10F2-4161-9648-1A26430A9B15}.DebugTrace|x86.Build.0 = Debug|Any CPU
		{C3A5EC7C-10F2-4161-9648-1A26430A9B15}.DebugTrace|x86.Deploy.0 = Debug|Any CPU
		{C3A5EC7C-10F2-4161-9648-1A26430A9B15}.Release|Any CPU.ActiveCfg = Release|Any CPU
		{C3A5EC7C-10F2-4161-9648-1A26430A9B15}.Release|Any CPU.Build.0 = Release|Any CPU
		{C3A5EC7C-10F2-4161-9648-1A26430A9B15}.Release|ARM.ActiveCfg = Release|Any CPU
		{C3A5EC7C-10F2-4161-9648-1A26430A9B15}.Release|ARM.Build.0 = Release|Any CPU
		{C3A5EC7C-10F2-4161-9648-1A26430A9B15}.Release|ARM.Deploy.0 = Release|Any CPU
		{C3A5EC7C-10F2-4161-9648-1A26430A9B15}.Release|ARM64.ActiveCfg = Release|Any CPU
		{C3A5EC7C-10F2-4161-9648-1A26430A9B15}.Release|ARM64.Build.0 = Release|Any CPU
		{C3A5EC7C-10F2-4161-9648-1A26430A9B15}.Release|x64.ActiveCfg = Release|Any CPU
		{C3A5EC7C-10F2-4161-9648-1A26430A9B15}.Release|x64.Build.0 = Release|Any CPU
		{C3A5EC7C-10F2-4161-9648-1A26430A9B15}.Release|x64.Deploy.0 = Release|Any CPU
		{C3A5EC7C-10F2-4161-9648-1A26430A9B15}.Release|x86.ActiveCfg = Release|Any CPU
		{C3A5EC7C-10F2-4161-9648-1A26430A9B15}.Release|x86.Build.0 = Release|Any CPU
		{C3A5EC7C-10F2-4161-9648-1A26430A9B15}.Release|x86.Deploy.0 = Release|Any CPU
		{C3A5EC7C-10F2-4161-9648-1A26430A9B15}.ReleaseFat|Any CPU.ActiveCfg = Release|Any CPU
		{C3A5EC7C-10F2-4161-9648-1A26430A9B15}.ReleaseFat|Any CPU.Build.0 = Release|Any CPU
		{C3A5EC7C-10F2-4161-9648-1A26430A9B15}.ReleaseFat|Any CPU.Deploy.0 = Release|Any CPU
		{C3A5EC7C-10F2-4161-9648-1A26430A9B15}.ReleaseFat|ARM.ActiveCfg = Release|Any CPU
		{C3A5EC7C-10F2-4161-9648-1A26430A9B15}.ReleaseFat|ARM.Build.0 = Release|Any CPU
		{C3A5EC7C-10F2-4161-9648-1A26430A9B15}.ReleaseFat|ARM.Deploy.0 = Release|Any CPU
		{C3A5EC7C-10F2-4161-9648-1A26430A9B15}.ReleaseFat|ARM64.ActiveCfg = Release|Any CPU
		{C3A5EC7C-10F2-4161-9648-1A26430A9B15}.ReleaseFat|ARM64.Build.0 = Release|Any CPU
		{C3A5EC7C-10F2-4161-9648-1A26430A9B15}.ReleaseFat|ARM64.Deploy.0 = Release|Any CPU
		{C3A5EC7C-10F2-4161-9648-1A26430A9B15}.ReleaseFat|x64.ActiveCfg = Release|Any CPU
		{C3A5EC7C-10F2-4161-9648-1A26430A9B15}.ReleaseFat|x64.Build.0 = Release|Any CPU
		{C3A5EC7C-10F2-4161-9648-1A26430A9B15}.ReleaseFat|x64.Deploy.0 = Release|Any CPU
		{C3A5EC7C-10F2-4161-9648-1A26430A9B15}.ReleaseFat|x86.ActiveCfg = Release|Any CPU
		{C3A5EC7C-10F2-4161-9648-1A26430A9B15}.ReleaseFat|x86.Build.0 = Release|Any CPU
		{C3A5EC7C-10F2-4161-9648-1A26430A9B15}.ReleaseFat|x86.Deploy.0 = Release|Any CPU
		{C3A5EC7C-10F2-4161-9648-1A26430A9B15}.ReleaseRef|Any CPU.ActiveCfg = Release|Any CPU
		{C3A5EC7C-10F2-4161-9648-1A26430A9B15}.ReleaseRef|Any CPU.Build.0 = Release|Any CPU
		{C3A5EC7C-10F2-4161-9648-1A26430A9B15}.ReleaseRef|Any CPU.Deploy.0 = Release|Any CPU
		{C3A5EC7C-10F2-4161-9648-1A26430A9B15}.ReleaseRef|ARM.ActiveCfg = Release|Any CPU
		{C3A5EC7C-10F2-4161-9648-1A26430A9B15}.ReleaseRef|ARM.Build.0 = Release|Any CPU
		{C3A5EC7C-10F2-4161-9648-1A26430A9B15}.ReleaseRef|ARM.Deploy.0 = Release|Any CPU
		{C3A5EC7C-10F2-4161-9648-1A26430A9B15}.ReleaseRef|ARM64.ActiveCfg = Release|Any CPU
		{C3A5EC7C-10F2-4161-9648-1A26430A9B15}.ReleaseRef|ARM64.Build.0 = Release|Any CPU
		{C3A5EC7C-10F2-4161-9648-1A26430A9B15}.ReleaseRef|ARM64.Deploy.0 = Release|Any CPU
		{C3A5EC7C-10F2-4161-9648-1A26430A9B15}.ReleaseRef|x64.ActiveCfg = Release|Any CPU
		{C3A5EC7C-10F2-4161-9648-1A26430A9B15}.ReleaseRef|x64.Build.0 = Release|Any CPU
		{C3A5EC7C-10F2-4161-9648-1A26430A9B15}.ReleaseRef|x64.Deploy.0 = Release|Any CPU
		{C3A5EC7C-10F2-4161-9648-1A26430A9B15}.ReleaseRef|x86.ActiveCfg = Release|Any CPU
		{C3A5EC7C-10F2-4161-9648-1A26430A9B15}.ReleaseRef|x86.Build.0 = Release|Any CPU
		{C3A5EC7C-10F2-4161-9648-1A26430A9B15}.ReleaseRef|x86.Deploy.0 = Release|Any CPU
		{C3A5EC7C-10F2-4161-9648-1A26430A9B15}.ReleaseThin|Any CPU.ActiveCfg = Release|Any CPU
		{C3A5EC7C-10F2-4161-9648-1A26430A9B15}.ReleaseThin|Any CPU.Build.0 = Release|Any CPU
		{C3A5EC7C-10F2-4161-9648-1A26430A9B15}.ReleaseThin|Any CPU.Deploy.0 = Release|Any CPU
		{C3A5EC7C-10F2-4161-9648-1A26430A9B15}.ReleaseThin|ARM.ActiveCfg = Release|Any CPU
		{C3A5EC7C-10F2-4161-9648-1A26430A9B15}.ReleaseThin|ARM.Build.0 = Release|Any CPU
		{C3A5EC7C-10F2-4161-9648-1A26430A9B15}.ReleaseThin|ARM.Deploy.0 = Release|Any CPU
		{C3A5EC7C-10F2-4161-9648-1A26430A9B15}.ReleaseThin|ARM64.ActiveCfg = Release|Any CPU
		{C3A5EC7C-10F2-4161-9648-1A26430A9B15}.ReleaseThin|ARM64.Build.0 = Release|Any CPU
		{C3A5EC7C-10F2-4161-9648-1A26430A9B15}.ReleaseThin|ARM64.Deploy.0 = Release|Any CPU
		{C3A5EC7C-10F2-4161-9648-1A26430A9B15}.ReleaseThin|x64.ActiveCfg = Release|Any CPU
		{C3A5EC7C-10F2-4161-9648-1A26430A9B15}.ReleaseThin|x64.Build.0 = Release|Any CPU
		{C3A5EC7C-10F2-4161-9648-1A26430A9B15}.ReleaseThin|x64.Deploy.0 = Release|Any CPU
		{C3A5EC7C-10F2-4161-9648-1A26430A9B15}.ReleaseThin|x86.ActiveCfg = Release|Any CPU
		{C3A5EC7C-10F2-4161-9648-1A26430A9B15}.ReleaseThin|x86.Build.0 = Release|Any CPU
		{C3A5EC7C-10F2-4161-9648-1A26430A9B15}.ReleaseThin|x86.Deploy.0 = Release|Any CPU
		{C3A5EC7C-10F2-4161-9648-1A26430A9B15}.ReleaseTrace|Any CPU.ActiveCfg = Release|Any CPU
		{C3A5EC7C-10F2-4161-9648-1A26430A9B15}.ReleaseTrace|Any CPU.Build.0 = Release|Any CPU
		{C3A5EC7C-10F2-4161-9648-1A26430A9B15}.ReleaseTrace|Any CPU.Deploy.0 = Release|Any CPU
		{C3A5EC7C-10F2-4161-9648-1A26430A9B15}.ReleaseTrace|ARM.ActiveCfg = Release|Any CPU
		{C3A5EC7C-10F2-4161-9648-1A26430A9B15}.ReleaseTrace|ARM.Build.0 = Release|Any CPU
		{C3A5EC7C-10F2-4161-9648-1A26430A9B15}.ReleaseTrace|ARM.Deploy.0 = Release|Any CPU
		{C3A5EC7C-10F2-4161-9648-1A26430A9B15}.ReleaseTrace|ARM64.ActiveCfg = Release|Any CPU
		{C3A5EC7C-10F2-4161-9648-1A26430A9B15}.ReleaseTrace|ARM64.Build.0 = Release|Any CPU
		{C3A5EC7C-10F2-4161-9648-1A26430A9B15}.ReleaseTrace|ARM64.Deploy.0 = Release|Any CPU
		{C3A5EC7C-10F2-4161-9648-1A26430A9B15}.ReleaseTrace|x64.ActiveCfg = Release|Any CPU
		{C3A5EC7C-10F2-4161-9648-1A26430A9B15}.ReleaseTrace|x64.Build.0 = Release|Any CPU
		{C3A5EC7C-10F2-4161-9648-1A26430A9B15}.ReleaseTrace|x64.Deploy.0 = Release|Any CPU
		{C3A5EC7C-10F2-4161-9648-1A26430A9B15}.ReleaseTrace|x86.ActiveCfg = Release|Any CPU
		{C3A5EC7C-10F2-4161-9648-1A26430A9B15}.ReleaseTrace|x86.Build.0 = Release|Any CPU
		{C3A5EC7C-10F2-4161-9648-1A26430A9B15}.ReleaseTrace|x86.Deploy.0 = Release|Any CPU
		{EA91D5A4-37CF-4B00-BE04-000A6A5ECF52}.Debug|Any CPU.ActiveCfg = Debug|Any CPU
		{EA91D5A4-37CF-4B00-BE04-000A6A5ECF52}.Debug|Any CPU.Build.0 = Debug|Any CPU
		{EA91D5A4-37CF-4B00-BE04-000A6A5ECF52}.Debug|ARM.ActiveCfg = Debug|Any CPU
		{EA91D5A4-37CF-4B00-BE04-000A6A5ECF52}.Debug|ARM.Build.0 = Debug|Any CPU
		{EA91D5A4-37CF-4B00-BE04-000A6A5ECF52}.Debug|ARM64.ActiveCfg = Debug|Any CPU
		{EA91D5A4-37CF-4B00-BE04-000A6A5ECF52}.Debug|ARM64.Build.0 = Debug|Any CPU
		{EA91D5A4-37CF-4B00-BE04-000A6A5ECF52}.Debug|x64.ActiveCfg = Debug|Any CPU
		{EA91D5A4-37CF-4B00-BE04-000A6A5ECF52}.Debug|x64.Build.0 = Debug|Any CPU
		{EA91D5A4-37CF-4B00-BE04-000A6A5ECF52}.Debug|x86.ActiveCfg = Debug|Any CPU
		{EA91D5A4-37CF-4B00-BE04-000A6A5ECF52}.Debug|x86.Build.0 = Debug|Any CPU
		{EA91D5A4-37CF-4B00-BE04-000A6A5ECF52}.DebugFat|Any CPU.ActiveCfg = Debug|Any CPU
		{EA91D5A4-37CF-4B00-BE04-000A6A5ECF52}.DebugFat|Any CPU.Build.0 = Debug|Any CPU
		{EA91D5A4-37CF-4B00-BE04-000A6A5ECF52}.DebugFat|ARM.ActiveCfg = Debug|Any CPU
		{EA91D5A4-37CF-4B00-BE04-000A6A5ECF52}.DebugFat|ARM.Build.0 = Debug|Any CPU
		{EA91D5A4-37CF-4B00-BE04-000A6A5ECF52}.DebugFat|ARM64.ActiveCfg = Debug|Any CPU
		{EA91D5A4-37CF-4B00-BE04-000A6A5ECF52}.DebugFat|ARM64.Build.0 = Debug|Any CPU
		{EA91D5A4-37CF-4B00-BE04-000A6A5ECF52}.DebugFat|x64.ActiveCfg = Debug|Any CPU
		{EA91D5A4-37CF-4B00-BE04-000A6A5ECF52}.DebugFat|x64.Build.0 = Debug|Any CPU
		{EA91D5A4-37CF-4B00-BE04-000A6A5ECF52}.DebugFat|x86.ActiveCfg = Debug|Any CPU
		{EA91D5A4-37CF-4B00-BE04-000A6A5ECF52}.DebugFat|x86.Build.0 = Debug|Any CPU
		{EA91D5A4-37CF-4B00-BE04-000A6A5ECF52}.DebugThin|Any CPU.ActiveCfg = Debug|Any CPU
		{EA91D5A4-37CF-4B00-BE04-000A6A5ECF52}.DebugThin|Any CPU.Build.0 = Debug|Any CPU
		{EA91D5A4-37CF-4B00-BE04-000A6A5ECF52}.DebugThin|ARM.ActiveCfg = Debug|Any CPU
		{EA91D5A4-37CF-4B00-BE04-000A6A5ECF52}.DebugThin|ARM.Build.0 = Debug|Any CPU
		{EA91D5A4-37CF-4B00-BE04-000A6A5ECF52}.DebugThin|ARM64.ActiveCfg = Debug|Any CPU
		{EA91D5A4-37CF-4B00-BE04-000A6A5ECF52}.DebugThin|ARM64.Build.0 = Debug|Any CPU
		{EA91D5A4-37CF-4B00-BE04-000A6A5ECF52}.DebugThin|x64.ActiveCfg = Debug|Any CPU
		{EA91D5A4-37CF-4B00-BE04-000A6A5ECF52}.DebugThin|x64.Build.0 = Debug|Any CPU
		{EA91D5A4-37CF-4B00-BE04-000A6A5ECF52}.DebugThin|x86.ActiveCfg = Debug|Any CPU
		{EA91D5A4-37CF-4B00-BE04-000A6A5ECF52}.DebugThin|x86.Build.0 = Debug|Any CPU
		{EA91D5A4-37CF-4B00-BE04-000A6A5ECF52}.DebugTrace|Any CPU.ActiveCfg = Debug|Any CPU
		{EA91D5A4-37CF-4B00-BE04-000A6A5ECF52}.DebugTrace|Any CPU.Build.0 = Debug|Any CPU
		{EA91D5A4-37CF-4B00-BE04-000A6A5ECF52}.DebugTrace|ARM.ActiveCfg = Debug|Any CPU
		{EA91D5A4-37CF-4B00-BE04-000A6A5ECF52}.DebugTrace|ARM.Build.0 = Debug|Any CPU
		{EA91D5A4-37CF-4B00-BE04-000A6A5ECF52}.DebugTrace|ARM64.ActiveCfg = Debug|Any CPU
		{EA91D5A4-37CF-4B00-BE04-000A6A5ECF52}.DebugTrace|ARM64.Build.0 = Debug|Any CPU
		{EA91D5A4-37CF-4B00-BE04-000A6A5ECF52}.DebugTrace|x64.ActiveCfg = Debug|Any CPU
		{EA91D5A4-37CF-4B00-BE04-000A6A5ECF52}.DebugTrace|x64.Build.0 = Debug|Any CPU
		{EA91D5A4-37CF-4B00-BE04-000A6A5ECF52}.DebugTrace|x86.ActiveCfg = Debug|Any CPU
		{EA91D5A4-37CF-4B00-BE04-000A6A5ECF52}.DebugTrace|x86.Build.0 = Debug|Any CPU
		{EA91D5A4-37CF-4B00-BE04-000A6A5ECF52}.Release|Any CPU.ActiveCfg = Release|Any CPU
		{EA91D5A4-37CF-4B00-BE04-000A6A5ECF52}.Release|Any CPU.Build.0 = Release|Any CPU
		{EA91D5A4-37CF-4B00-BE04-000A6A5ECF52}.Release|ARM.ActiveCfg = Release|Any CPU
		{EA91D5A4-37CF-4B00-BE04-000A6A5ECF52}.Release|ARM.Build.0 = Release|Any CPU
		{EA91D5A4-37CF-4B00-BE04-000A6A5ECF52}.Release|ARM64.ActiveCfg = Release|Any CPU
		{EA91D5A4-37CF-4B00-BE04-000A6A5ECF52}.Release|ARM64.Build.0 = Release|Any CPU
		{EA91D5A4-37CF-4B00-BE04-000A6A5ECF52}.Release|x64.ActiveCfg = Release|Any CPU
		{EA91D5A4-37CF-4B00-BE04-000A6A5ECF52}.Release|x64.Build.0 = Release|Any CPU
		{EA91D5A4-37CF-4B00-BE04-000A6A5ECF52}.Release|x86.ActiveCfg = Release|Any CPU
		{EA91D5A4-37CF-4B00-BE04-000A6A5ECF52}.Release|x86.Build.0 = Release|Any CPU
		{EA91D5A4-37CF-4B00-BE04-000A6A5ECF52}.ReleaseFat|Any CPU.ActiveCfg = Release|Any CPU
		{EA91D5A4-37CF-4B00-BE04-000A6A5ECF52}.ReleaseFat|Any CPU.Build.0 = Release|Any CPU
		{EA91D5A4-37CF-4B00-BE04-000A6A5ECF52}.ReleaseFat|ARM.ActiveCfg = Release|Any CPU
		{EA91D5A4-37CF-4B00-BE04-000A6A5ECF52}.ReleaseFat|ARM.Build.0 = Release|Any CPU
		{EA91D5A4-37CF-4B00-BE04-000A6A5ECF52}.ReleaseFat|ARM64.ActiveCfg = Release|Any CPU
		{EA91D5A4-37CF-4B00-BE04-000A6A5ECF52}.ReleaseFat|ARM64.Build.0 = Release|Any CPU
		{EA91D5A4-37CF-4B00-BE04-000A6A5ECF52}.ReleaseFat|x64.ActiveCfg = Release|Any CPU
		{EA91D5A4-37CF-4B00-BE04-000A6A5ECF52}.ReleaseFat|x64.Build.0 = Release|Any CPU
		{EA91D5A4-37CF-4B00-BE04-000A6A5ECF52}.ReleaseFat|x86.ActiveCfg = Release|Any CPU
		{EA91D5A4-37CF-4B00-BE04-000A6A5ECF52}.ReleaseFat|x86.Build.0 = Release|Any CPU
		{EA91D5A4-37CF-4B00-BE04-000A6A5ECF52}.ReleaseRef|Any CPU.ActiveCfg = Release|Any CPU
		{EA91D5A4-37CF-4B00-BE04-000A6A5ECF52}.ReleaseRef|Any CPU.Build.0 = Release|Any CPU
		{EA91D5A4-37CF-4B00-BE04-000A6A5ECF52}.ReleaseRef|ARM.ActiveCfg = Release|Any CPU
		{EA91D5A4-37CF-4B00-BE04-000A6A5ECF52}.ReleaseRef|ARM.Build.0 = Release|Any CPU
		{EA91D5A4-37CF-4B00-BE04-000A6A5ECF52}.ReleaseRef|ARM64.ActiveCfg = Release|Any CPU
		{EA91D5A4-37CF-4B00-BE04-000A6A5ECF52}.ReleaseRef|ARM64.Build.0 = Release|Any CPU
		{EA91D5A4-37CF-4B00-BE04-000A6A5ECF52}.ReleaseRef|x64.ActiveCfg = Release|Any CPU
		{EA91D5A4-37CF-4B00-BE04-000A6A5ECF52}.ReleaseRef|x64.Build.0 = Release|Any CPU
		{EA91D5A4-37CF-4B00-BE04-000A6A5ECF52}.ReleaseRef|x86.ActiveCfg = Release|Any CPU
		{EA91D5A4-37CF-4B00-BE04-000A6A5ECF52}.ReleaseRef|x86.Build.0 = Release|Any CPU
		{EA91D5A4-37CF-4B00-BE04-000A6A5ECF52}.ReleaseThin|Any CPU.ActiveCfg = Release|Any CPU
		{EA91D5A4-37CF-4B00-BE04-000A6A5ECF52}.ReleaseThin|Any CPU.Build.0 = Release|Any CPU
		{EA91D5A4-37CF-4B00-BE04-000A6A5ECF52}.ReleaseThin|ARM.ActiveCfg = Release|Any CPU
		{EA91D5A4-37CF-4B00-BE04-000A6A5ECF52}.ReleaseThin|ARM.Build.0 = Release|Any CPU
		{EA91D5A4-37CF-4B00-BE04-000A6A5ECF52}.ReleaseThin|ARM64.ActiveCfg = Release|Any CPU
		{EA91D5A4-37CF-4B00-BE04-000A6A5ECF52}.ReleaseThin|ARM64.Build.0 = Release|Any CPU
		{EA91D5A4-37CF-4B00-BE04-000A6A5ECF52}.ReleaseThin|x64.ActiveCfg = Release|Any CPU
		{EA91D5A4-37CF-4B00-BE04-000A6A5ECF52}.ReleaseThin|x64.Build.0 = Release|Any CPU
		{EA91D5A4-37CF-4B00-BE04-000A6A5ECF52}.ReleaseThin|x86.ActiveCfg = Release|Any CPU
		{EA91D5A4-37CF-4B00-BE04-000A6A5ECF52}.ReleaseThin|x86.Build.0 = Release|Any CPU
		{EA91D5A4-37CF-4B00-BE04-000A6A5ECF52}.ReleaseTrace|Any CPU.ActiveCfg = Release|Any CPU
		{EA91D5A4-37CF-4B00-BE04-000A6A5ECF52}.ReleaseTrace|Any CPU.Build.0 = Release|Any CPU
		{EA91D5A4-37CF-4B00-BE04-000A6A5ECF52}.ReleaseTrace|ARM.ActiveCfg = Release|Any CPU
		{EA91D5A4-37CF-4B00-BE04-000A6A5ECF52}.ReleaseTrace|ARM.Build.0 = Release|Any CPU
		{EA91D5A4-37CF-4B00-BE04-000A6A5ECF52}.ReleaseTrace|ARM64.ActiveCfg = Release|Any CPU
		{EA91D5A4-37CF-4B00-BE04-000A6A5ECF52}.ReleaseTrace|ARM64.Build.0 = Release|Any CPU
		{EA91D5A4-37CF-4B00-BE04-000A6A5ECF52}.ReleaseTrace|x64.ActiveCfg = Release|Any CPU
		{EA91D5A4-37CF-4B00-BE04-000A6A5ECF52}.ReleaseTrace|x64.Build.0 = Release|Any CPU
		{EA91D5A4-37CF-4B00-BE04-000A6A5ECF52}.ReleaseTrace|x86.ActiveCfg = Release|Any CPU
		{EA91D5A4-37CF-4B00-BE04-000A6A5ECF52}.ReleaseTrace|x86.Build.0 = Release|Any CPU
		{805B84D7-24B4-43F6-9086-A3773E1CD9BD}.Debug|Any CPU.ActiveCfg = Debug|Any CPU
		{805B84D7-24B4-43F6-9086-A3773E1CD9BD}.Debug|Any CPU.Build.0 = Debug|Any CPU
		{805B84D7-24B4-43F6-9086-A3773E1CD9BD}.Debug|Any CPU.Deploy.0 = Debug|Any CPU
		{805B84D7-24B4-43F6-9086-A3773E1CD9BD}.Debug|ARM.ActiveCfg = Debug|Any CPU
		{805B84D7-24B4-43F6-9086-A3773E1CD9BD}.Debug|ARM.Build.0 = Debug|Any CPU
		{805B84D7-24B4-43F6-9086-A3773E1CD9BD}.Debug|ARM64.ActiveCfg = Debug|Any CPU
		{805B84D7-24B4-43F6-9086-A3773E1CD9BD}.Debug|ARM64.Build.0 = Debug|Any CPU
		{805B84D7-24B4-43F6-9086-A3773E1CD9BD}.Debug|x64.ActiveCfg = Debug|Any CPU
		{805B84D7-24B4-43F6-9086-A3773E1CD9BD}.Debug|x64.Build.0 = Debug|Any CPU
		{805B84D7-24B4-43F6-9086-A3773E1CD9BD}.Debug|x86.ActiveCfg = Debug|Any CPU
		{805B84D7-24B4-43F6-9086-A3773E1CD9BD}.Debug|x86.Build.0 = Debug|Any CPU
		{805B84D7-24B4-43F6-9086-A3773E1CD9BD}.DebugFat|Any CPU.ActiveCfg = Debug|Any CPU
		{805B84D7-24B4-43F6-9086-A3773E1CD9BD}.DebugFat|Any CPU.Build.0 = Debug|Any CPU
		{805B84D7-24B4-43F6-9086-A3773E1CD9BD}.DebugFat|ARM.ActiveCfg = Debug|Any CPU
		{805B84D7-24B4-43F6-9086-A3773E1CD9BD}.DebugFat|ARM.Build.0 = Debug|Any CPU
		{805B84D7-24B4-43F6-9086-A3773E1CD9BD}.DebugFat|ARM64.ActiveCfg = Debug|Any CPU
		{805B84D7-24B4-43F6-9086-A3773E1CD9BD}.DebugFat|ARM64.Build.0 = Debug|Any CPU
		{805B84D7-24B4-43F6-9086-A3773E1CD9BD}.DebugFat|x64.ActiveCfg = Debug|Any CPU
		{805B84D7-24B4-43F6-9086-A3773E1CD9BD}.DebugFat|x64.Build.0 = Debug|Any CPU
		{805B84D7-24B4-43F6-9086-A3773E1CD9BD}.DebugFat|x86.ActiveCfg = Debug|Any CPU
		{805B84D7-24B4-43F6-9086-A3773E1CD9BD}.DebugFat|x86.Build.0 = Debug|Any CPU
		{805B84D7-24B4-43F6-9086-A3773E1CD9BD}.DebugThin|Any CPU.ActiveCfg = Debug|Any CPU
		{805B84D7-24B4-43F6-9086-A3773E1CD9BD}.DebugThin|Any CPU.Build.0 = Debug|Any CPU
		{805B84D7-24B4-43F6-9086-A3773E1CD9BD}.DebugThin|ARM.ActiveCfg = Debug|Any CPU
		{805B84D7-24B4-43F6-9086-A3773E1CD9BD}.DebugThin|ARM.Build.0 = Debug|Any CPU
		{805B84D7-24B4-43F6-9086-A3773E1CD9BD}.DebugThin|ARM64.ActiveCfg = Debug|Any CPU
		{805B84D7-24B4-43F6-9086-A3773E1CD9BD}.DebugThin|ARM64.Build.0 = Debug|Any CPU
		{805B84D7-24B4-43F6-9086-A3773E1CD9BD}.DebugThin|x64.ActiveCfg = Debug|Any CPU
		{805B84D7-24B4-43F6-9086-A3773E1CD9BD}.DebugThin|x64.Build.0 = Debug|Any CPU
		{805B84D7-24B4-43F6-9086-A3773E1CD9BD}.DebugThin|x86.ActiveCfg = Debug|Any CPU
		{805B84D7-24B4-43F6-9086-A3773E1CD9BD}.DebugThin|x86.Build.0 = Debug|Any CPU
		{805B84D7-24B4-43F6-9086-A3773E1CD9BD}.DebugTrace|Any CPU.ActiveCfg = Debug|Any CPU
		{805B84D7-24B4-43F6-9086-A3773E1CD9BD}.DebugTrace|Any CPU.Build.0 = Debug|Any CPU
		{805B84D7-24B4-43F6-9086-A3773E1CD9BD}.DebugTrace|ARM.ActiveCfg = Debug|Any CPU
		{805B84D7-24B4-43F6-9086-A3773E1CD9BD}.DebugTrace|ARM.Build.0 = Debug|Any CPU
		{805B84D7-24B4-43F6-9086-A3773E1CD9BD}.DebugTrace|ARM64.ActiveCfg = Debug|Any CPU
		{805B84D7-24B4-43F6-9086-A3773E1CD9BD}.DebugTrace|ARM64.Build.0 = Debug|Any CPU
		{805B84D7-24B4-43F6-9086-A3773E1CD9BD}.DebugTrace|x64.ActiveCfg = Debug|Any CPU
		{805B84D7-24B4-43F6-9086-A3773E1CD9BD}.DebugTrace|x64.Build.0 = Debug|Any CPU
		{805B84D7-24B4-43F6-9086-A3773E1CD9BD}.DebugTrace|x86.ActiveCfg = Debug|Any CPU
		{805B84D7-24B4-43F6-9086-A3773E1CD9BD}.DebugTrace|x86.Build.0 = Debug|Any CPU
		{805B84D7-24B4-43F6-9086-A3773E1CD9BD}.Release|Any CPU.ActiveCfg = Release|Any CPU
		{805B84D7-24B4-43F6-9086-A3773E1CD9BD}.Release|Any CPU.Build.0 = Release|Any CPU
		{805B84D7-24B4-43F6-9086-A3773E1CD9BD}.Release|ARM.ActiveCfg = Release|Any CPU
		{805B84D7-24B4-43F6-9086-A3773E1CD9BD}.Release|ARM.Build.0 = Release|Any CPU
		{805B84D7-24B4-43F6-9086-A3773E1CD9BD}.Release|ARM64.ActiveCfg = Release|Any CPU
		{805B84D7-24B4-43F6-9086-A3773E1CD9BD}.Release|ARM64.Build.0 = Release|Any CPU
		{805B84D7-24B4-43F6-9086-A3773E1CD9BD}.Release|x64.ActiveCfg = Release|Any CPU
		{805B84D7-24B4-43F6-9086-A3773E1CD9BD}.Release|x64.Build.0 = Release|Any CPU
		{805B84D7-24B4-43F6-9086-A3773E1CD9BD}.Release|x86.ActiveCfg = Release|Any CPU
		{805B84D7-24B4-43F6-9086-A3773E1CD9BD}.Release|x86.Build.0 = Release|Any CPU
		{805B84D7-24B4-43F6-9086-A3773E1CD9BD}.ReleaseFat|Any CPU.ActiveCfg = Release|Any CPU
		{805B84D7-24B4-43F6-9086-A3773E1CD9BD}.ReleaseFat|Any CPU.Build.0 = Release|Any CPU
		{805B84D7-24B4-43F6-9086-A3773E1CD9BD}.ReleaseFat|ARM.ActiveCfg = Release|Any CPU
		{805B84D7-24B4-43F6-9086-A3773E1CD9BD}.ReleaseFat|ARM.Build.0 = Release|Any CPU
		{805B84D7-24B4-43F6-9086-A3773E1CD9BD}.ReleaseFat|ARM64.ActiveCfg = Release|Any CPU
		{805B84D7-24B4-43F6-9086-A3773E1CD9BD}.ReleaseFat|ARM64.Build.0 = Release|Any CPU
		{805B84D7-24B4-43F6-9086-A3773E1CD9BD}.ReleaseFat|x64.ActiveCfg = Release|Any CPU
		{805B84D7-24B4-43F6-9086-A3773E1CD9BD}.ReleaseFat|x64.Build.0 = Release|Any CPU
		{805B84D7-24B4-43F6-9086-A3773E1CD9BD}.ReleaseFat|x86.ActiveCfg = Release|Any CPU
		{805B84D7-24B4-43F6-9086-A3773E1CD9BD}.ReleaseFat|x86.Build.0 = Release|Any CPU
		{805B84D7-24B4-43F6-9086-A3773E1CD9BD}.ReleaseRef|Any CPU.ActiveCfg = Release|Any CPU
		{805B84D7-24B4-43F6-9086-A3773E1CD9BD}.ReleaseRef|Any CPU.Build.0 = Release|Any CPU
		{805B84D7-24B4-43F6-9086-A3773E1CD9BD}.ReleaseRef|ARM.ActiveCfg = Release|Any CPU
		{805B84D7-24B4-43F6-9086-A3773E1CD9BD}.ReleaseRef|ARM.Build.0 = Release|Any CPU
		{805B84D7-24B4-43F6-9086-A3773E1CD9BD}.ReleaseRef|ARM64.ActiveCfg = Release|Any CPU
		{805B84D7-24B4-43F6-9086-A3773E1CD9BD}.ReleaseRef|ARM64.Build.0 = Release|Any CPU
		{805B84D7-24B4-43F6-9086-A3773E1CD9BD}.ReleaseRef|x64.ActiveCfg = Release|Any CPU
		{805B84D7-24B4-43F6-9086-A3773E1CD9BD}.ReleaseRef|x64.Build.0 = Release|Any CPU
		{805B84D7-24B4-43F6-9086-A3773E1CD9BD}.ReleaseRef|x86.ActiveCfg = Release|Any CPU
		{805B84D7-24B4-43F6-9086-A3773E1CD9BD}.ReleaseRef|x86.Build.0 = Release|Any CPU
		{805B84D7-24B4-43F6-9086-A3773E1CD9BD}.ReleaseThin|Any CPU.ActiveCfg = Release|Any CPU
		{805B84D7-24B4-43F6-9086-A3773E1CD9BD}.ReleaseThin|Any CPU.Build.0 = Release|Any CPU
		{805B84D7-24B4-43F6-9086-A3773E1CD9BD}.ReleaseThin|ARM.ActiveCfg = Release|Any CPU
		{805B84D7-24B4-43F6-9086-A3773E1CD9BD}.ReleaseThin|ARM.Build.0 = Release|Any CPU
		{805B84D7-24B4-43F6-9086-A3773E1CD9BD}.ReleaseThin|ARM64.ActiveCfg = Release|Any CPU
		{805B84D7-24B4-43F6-9086-A3773E1CD9BD}.ReleaseThin|ARM64.Build.0 = Release|Any CPU
		{805B84D7-24B4-43F6-9086-A3773E1CD9BD}.ReleaseThin|x64.ActiveCfg = Release|Any CPU
		{805B84D7-24B4-43F6-9086-A3773E1CD9BD}.ReleaseThin|x64.Build.0 = Release|Any CPU
		{805B84D7-24B4-43F6-9086-A3773E1CD9BD}.ReleaseThin|x86.ActiveCfg = Release|Any CPU
		{805B84D7-24B4-43F6-9086-A3773E1CD9BD}.ReleaseThin|x86.Build.0 = Release|Any CPU
		{805B84D7-24B4-43F6-9086-A3773E1CD9BD}.ReleaseTrace|Any CPU.ActiveCfg = Release|Any CPU
		{805B84D7-24B4-43F6-9086-A3773E1CD9BD}.ReleaseTrace|Any CPU.Build.0 = Release|Any CPU
		{805B84D7-24B4-43F6-9086-A3773E1CD9BD}.ReleaseTrace|ARM.ActiveCfg = Release|Any CPU
		{805B84D7-24B4-43F6-9086-A3773E1CD9BD}.ReleaseTrace|ARM.Build.0 = Release|Any CPU
		{805B84D7-24B4-43F6-9086-A3773E1CD9BD}.ReleaseTrace|ARM64.ActiveCfg = Release|Any CPU
		{805B84D7-24B4-43F6-9086-A3773E1CD9BD}.ReleaseTrace|ARM64.Build.0 = Release|Any CPU
		{805B84D7-24B4-43F6-9086-A3773E1CD9BD}.ReleaseTrace|x64.ActiveCfg = Release|Any CPU
		{805B84D7-24B4-43F6-9086-A3773E1CD9BD}.ReleaseTrace|x64.Build.0 = Release|Any CPU
		{805B84D7-24B4-43F6-9086-A3773E1CD9BD}.ReleaseTrace|x86.ActiveCfg = Release|Any CPU
		{805B84D7-24B4-43F6-9086-A3773E1CD9BD}.ReleaseTrace|x86.Build.0 = Release|Any CPU
	EndGlobalSection
	GlobalSection(SolutionProperties) = preSolution
		HideSolutionNode = FALSE
	EndGlobalSection
	GlobalSection(ExtensibilityGlobals) = postSolution
		SolutionGuid = {6A4D3674-737D-44A7-8CB4-F63857987DD9}
	EndGlobalSection
EndGlobal
