
Microsoft Visual Studio Solution File, Format Version 12.00
# Visual Studio Version 17
VisualStudioVersion = 17.11.35327.3
MinimumVisualStudioVersion = 10.0.40219.1
Project("{9A19103F-16F7-4668-BE54-9A1E7A4F7556}") = "FakeStardewGame", "FakeStardewGame\FakeStardewGame.csproj", "{C3A5EC7C-10F2-4161-9648-1A26430A9B15}"
EndProject
Project("{9A19103F-16F7-4668-BE54-9A1E7A4F7556}") = "TaskAssembliesPacker", "TaskAssembliesPacker\TaskAssembliesPacker.csproj", "{C9A02F15-D918-43DA-917C-F68D18D8350F}"
EndProject
Project("{FAE04EC0-301F-11D3-BF4B-00C04F79EFBC}") = "SMAPILoader", "SMAPILoader\SMAPILoader.csproj", "{EA91D5A4-37CF-4B00-BE04-000A6A5ECF52}"
EndProject
Global
	GlobalSection(SolutionConfigurationPlatforms) = preSolution
		Debug|Any CPU = Debug|Any CPU
		Debug|ARM64 = Debug|ARM64
		Release|Any CPU = Release|Any CPU
		Release|ARM64 = Release|ARM64
	EndGlobalSection
	GlobalSection(ProjectConfigurationPlatforms) = postSolution
		{C3A5EC7C-10F2-4161-9648-1A26430A9B15}.Debug|Any CPU.ActiveCfg = Debug|Any CPU
		{C3A5EC7C-10F2-4161-9648-1A26430A9B15}.Debug|Any CPU.Build.0 = Debug|Any CPU
		{C3A5EC7C-10F2-4161-9648-1A26430A9B15}.Debug|ARM64.ActiveCfg = Debug|Any CPU
		{C3A5EC7C-10F2-4161-9648-1A26430A9B15}.Debug|ARM64.Build.0 = Debug|Any CPU
		{C3A5EC7C-10F2-4161-9648-1A26430A9B15}.Debug|ARM64.Deploy.0 = Debug|Any CPU
		{C3A5EC7C-10F2-4161-9648-1A26430A9B15}.Release|Any CPU.ActiveCfg = Release|Any CPU
		{C3A5EC7C-10F2-4161-9648-1A26430A9B15}.Release|Any CPU.Build.0 = Release|Any CPU
		{C3A5EC7C-10F2-4161-9648-1A26430A9B15}.Release|ARM64.ActiveCfg = Release|Any CPU
		{C3A5EC7C-10F2-4161-9648-1A26430A9B15}.Release|ARM64.Build.0 = Release|Any CPU
		{C9A02F15-D918-43DA-917C-F68D18D8350F}.Debug|Any CPU.ActiveCfg = Debug|Any CPU
		{C9A02F15-D918-43DA-917C-F68D18D8350F}.Debug|Any CPU.Build.0 = Debug|Any CPU
		{C9A02F15-D918-43DA-917C-F68D18D8350F}.Debug|ARM64.ActiveCfg = Debug|Any CPU
		{C9A02F15-D918-43DA-917C-F68D18D8350F}.Debug|ARM64.Build.0 = Debug|Any CPU
		{C9A02F15-D918-43DA-917C-F68D18D8350F}.Release|Any CPU.ActiveCfg = Release|Any CPU
		{C9A02F15-D918-43DA-917C-F68D18D8350F}.Release|Any CPU.Build.0 = Release|Any CPU
		{C9A02F15-D918-43DA-917C-F68D18D8350F}.Release|ARM64.ActiveCfg = Release|Any CPU
		{C9A02F15-D918-43DA-917C-F68D18D8350F}.Release|ARM64.Build.0 = Release|Any CPU
		{EA91D5A4-37CF-4B00-BE04-000A6A5ECF52}.Debug|Any CPU.ActiveCfg = Debug|Any CPU
		{EA91D5A4-37CF-4B00-BE04-000A6A5ECF52}.Debug|Any CPU.Build.0 = Debug|Any CPU
		{EA91D5A4-37CF-4B00-BE04-000A6A5ECF52}.Debug|ARM64.ActiveCfg = Debug|Any CPU
		{EA91D5A4-37CF-4B00-BE04-000A6A5ECF52}.Debug|ARM64.Build.0 = Debug|Any CPU
		{EA91D5A4-37CF-4B00-BE04-000A6A5ECF52}.Release|Any CPU.ActiveCfg = Release|Any CPU
		{EA91D5A4-37CF-4B00-BE04-000A6A5ECF52}.Release|Any CPU.Build.0 = Release|Any CPU
		{EA91D5A4-37CF-4B00-BE04-000A6A5ECF52}.Release|ARM64.ActiveCfg = Release|Any CPU
		{EA91D5A4-37CF-4B00-BE04-000A6A5ECF52}.Release|ARM64.Build.0 = Release|Any CPU
	EndGlobalSection
	GlobalSection(SolutionProperties) = preSolution
		HideSolutionNode = FALSE
	EndGlobalSection
	GlobalSection(ExtensibilityGlobals) = postSolution
		SolutionGuid = {6A4D3674-737D-44A7-8CB4-F63857987DD9}
	EndGlobalSection
EndGlobal
