
Microsoft Visual Studio Solution File, Format Version 12.00
# Visual Studio Version 17
VisualStudioVersion = 17.11.35327.3
MinimumVisualStudioVersion = 10.0.40219.1
Project("{FAE04EC0-301F-11D3-BF4B-00C04F79EFBC}") = "SMAPILoaderDLL", "SMAPILoaderDLL\SMAPILoaderDLL.csproj", "{E4A07F5B-4470-49BD-AA2D-660D592B1FB9}"
EndProject
Global
	GlobalSection(SolutionConfigurationPlatforms) = preSolution
		Debug|Any CPU = Debug|Any CPU
		Debug|ARM64 = Debug|ARM64
		Release|Any CPU = Release|Any CPU
		Release|ARM64 = Release|ARM64
	EndGlobalSection
	GlobalSection(ProjectConfigurationPlatforms) = postSolution
		{E4A07F5B-4470-49BD-AA2D-660D592B1FB9}.Debug|Any CPU.ActiveCfg = Debug|Any CPU
		{E4A07F5B-4470-49BD-AA2D-660D592B1FB9}.Debug|Any CPU.Build.0 = Debug|Any CPU
		{E4A07F5B-4470-49BD-AA2D-660D592B1FB9}.Debug|ARM64.ActiveCfg = Debug|ARM64
		{E4A07F5B-4470-49BD-AA2D-660D592B1FB9}.Debug|ARM64.Build.0 = Debug|ARM64
		{E4A07F5B-4470-49BD-AA2D-660D592B1FB9}.Release|Any CPU.ActiveCfg = Release|Any CPU
		{E4A07F5B-4470-49BD-AA2D-660D592B1FB9}.Release|Any CPU.Build.0 = Release|Any CPU
		{E4A07F5B-4470-49BD-AA2D-660D592B1FB9}.Release|ARM64.ActiveCfg = Release|ARM64
		{E4A07F5B-4470-49BD-AA2D-660D592B1FB9}.Release|ARM64.Build.0 = Release|ARM64
	EndGlobalSection
	GlobalSection(SolutionProperties) = preSolution
		HideSolutionNode = FALSE
	EndGlobalSection
	GlobalSection(ExtensibilityGlobals) = postSolution
		SolutionGuid = {6A4D3674-737D-44A7-8CB4-F63857987DD9}
	EndGlobalSection
EndGlobal
